
Microsoft Visual Studio Solution File, Format Version 12.00
# Visual Studio Version 16
VisualStudioVersion = 16.0.29215.179
MinimumVisualStudioVersion = 10.0.40219.1
Project("{9A19103F-16F7-4668-BE54-9A1E7A4F7556}") = "CoQ.Web", "coop-queue\CoQ.Web.csproj", "{7587248A-A3E2-4091-9B57-B10E8EDF3705}"
EndProject
Project("{9A19103F-16F7-4668-BE54-9A1E7A4F7556}") = "CoQ.Domain", "CoQ.Domain\CoQ.Domain.csproj", "{A84936FC-E367-4056-9615-28F6EA529D5D}"
EndProject
Project("{9A19103F-16F7-4668-BE54-9A1E7A4F7556}") = "CoQ.Models", "CoQ.Models\CoQ.Models.csproj", "{3018D53C-253A-4281-9D4A-C0231E3D345C}"
EndProject
Global
	GlobalSection(SolutionConfigurationPlatforms) = preSolution
		Debug|Any CPU = Debug|Any CPU
		Release|Any CPU = Release|Any CPU
	EndGlobalSection
	GlobalSection(ProjectConfigurationPlatforms) = postSolution
		{7587248A-A3E2-4091-9B57-B10E8EDF3705}.Debug|Any CPU.ActiveCfg = Debug|Any CPU
		{7587248A-A3E2-4091-9B57-B10E8EDF3705}.Debug|Any CPU.Build.0 = Debug|Any CPU
		{7587248A-A3E2-4091-9B57-B10E8EDF3705}.Release|Any CPU.ActiveCfg = Release|Any CPU
		{7587248A-A3E2-4091-9B57-B10E8EDF3705}.Release|Any CPU.Build.0 = Release|Any CPU
		{A84936FC-E367-4056-9615-28F6EA529D5D}.Debug|Any CPU.ActiveCfg = Debug|Any CPU
		{A84936FC-E367-4056-9615-28F6EA529D5D}.Debug|Any CPU.Build.0 = Debug|Any CPU
		{A84936FC-E367-4056-9615-28F6EA529D5D}.Release|Any CPU.ActiveCfg = Release|Any CPU
		{A84936FC-E367-4056-9615-28F6EA529D5D}.Release|Any CPU.Build.0 = Release|Any CPU
		{3018D53C-253A-4281-9D4A-C0231E3D345C}.Debug|Any CPU.ActiveCfg = Debug|Any CPU
		{3018D53C-253A-4281-9D4A-C0231E3D345C}.Debug|Any CPU.Build.0 = Debug|Any CPU
		{3018D53C-253A-4281-9D4A-C0231E3D345C}.Release|Any CPU.ActiveCfg = Release|Any CPU
		{3018D53C-253A-4281-9D4A-C0231E3D345C}.Release|Any CPU.Build.0 = Release|Any CPU
	EndGlobalSection
	GlobalSection(SolutionProperties) = preSolution
		HideSolutionNode = FALSE
	EndGlobalSection
	GlobalSection(ExtensibilityGlobals) = postSolution
		SolutionGuid = {1E631F95-09F6-4707-80F6-F839D91941EB}
	EndGlobalSection
EndGlobal
