
Microsoft Visual Studio Solution File, Format Version 12.00
# Visual Studio Version 16
VisualStudioVersion = 16.0.29215.179
MinimumVisualStudioVersion = 10.0.40219.1
Project("{FAE04EC0-301F-11D3-BF4B-00C04F79EFBC}") = "coop-queue", "coop-queue\coop-queue.csproj", "{7587248A-A3E2-4091-9B57-B10E8EDF3705}"
EndProject
Global
	GlobalSection(SolutionConfigurationPlatforms) = preSolution
		Debug|Any CPU = Debug|Any CPU
		Release|Any CPU = Release|Any CPU
	EndGlobalSection
	GlobalSection(ProjectConfigurationPlatforms) = postSolution
		{7587248A-A3E2-4091-9B57-B10E8EDF3705}.Debug|Any CPU.ActiveCfg = Debug|Any CPU
		{7587248A-A3E2-4091-9B57-B10E8EDF3705}.Debug|Any CPU.Build.0 = Debug|Any CPU
		{7587248A-A3E2-4091-9B57-B10E8EDF3705}.Release|Any CPU.ActiveCfg = Release|Any CPU
		{7587248A-A3E2-4091-9B57-B10E8EDF3705}.Release|Any CPU.Build.0 = Release|Any CPU
	EndGlobalSection
	GlobalSection(SolutionProperties) = preSolution
		HideSolutionNode = FALSE
	EndGlobalSection
	GlobalSection(ExtensibilityGlobals) = postSolution
		SolutionGuid = {1E631F95-09F6-4707-80F6-F839D91941EB}
	EndGlobalSection
EndGlobal
